
Microsoft Visual Studio Solution File, Format Version 12.00
# Visual Studio Version 17
VisualStudioVersion = 17.5.33424.131
MinimumVisualStudioVersion = 10.0.40219.1
Project("{FAE04EC0-301F-11D3-BF4B-00C04F79EFBC}") = "CreateAndPrintSheetsAndViews", "CreateAndPrintSheetsAndViews\CreateAndPrintSheetsAndViews.csproj", "{4CE30578-945D-478F-8A0C-EB5E7A1016CC}"
EndProject
Global
	GlobalSection(SolutionConfigurationPlatforms) = preSolution
		Debug|Any CPU = Debug|Any CPU
		Release|Any CPU = Release|Any CPU
	EndGlobalSection
	GlobalSection(ProjectConfigurationPlatforms) = postSolution
		{4CE30578-945D-478F-8A0C-EB5E7A1016CC}.Debug|Any CPU.ActiveCfg = Debug|Any CPU
		{4CE30578-945D-478F-8A0C-EB5E7A1016CC}.Debug|Any CPU.Build.0 = Debug|Any CPU
		{4CE30578-945D-478F-8A0C-EB5E7A1016CC}.Release|Any CPU.ActiveCfg = Release|Any CPU
		{4CE30578-945D-478F-8A0C-EB5E7A1016CC}.Release|Any CPU.Build.0 = Release|Any CPU
	EndGlobalSection
	GlobalSection(SolutionProperties) = preSolution
		HideSolutionNode = FALSE
	EndGlobalSection
	GlobalSection(ExtensibilityGlobals) = postSolution
		SolutionGuid = {1E69DDC1-4497-475C-90C4-2D9CCEA9413A}
	EndGlobalSection
EndGlobal
